{
  "version": 4,
  "terraform_version": "1.5.7",
  "serial": 7,
  "lineage": "4696d66d-a38d-56e5-489b-506a20f008fc",
  "outputs": {
    "randomIntPrint": {
      "value": 28,
      "type": "number"
    }
  },
  "resources": [
    {
      "mode": "managed",
      "type": "random_integer",
      "name": "randomInt",
      "provider": "provider[\"registry.terraform.io/hashicorp/random\"]",
      "instances": [
        {
          "schema_version": 0,
          "attributes": {
            "id": "28",
            "keepers": null,
            "max": 47,
            "min": 7,
            "result": 28,
            "seed": "72"
          },
          "sensitive_attributes": []
        }
      ]
    }
  ],
  "check_results": null
}
