{
  "version": 4,
  "terraform_version": "1.5.7",
  "serial": 6,
  "lineage": "b6b540cc-b33e-bb7b-b64f-15a3dc595b5e",
  "outputs": {},
  "resources": [
    {
      "mode": "managed",
      "type": "local_file",
      "name": "name",
      "provider": "provider[\"registry.terraform.io/hashicorp/local\"]",
      "instances": [
        {
          "schema_version": 0,
          "attributes": {
            "content": "example text and the random string ip)65Sxs-*",
            "content_base64": null,
            "content_base64sha256": "y6owNYcTc43Q/YZS5gMjxpvdSxVzqmyDIcU1lORjtrY=",
            "content_base64sha512": "/njKMzSJV4SG9CaUE+w8JwsUx0/07wuhwxrZryldpgQ323+EE3uNNJE3jRF5sHu7zB10xUFDpHEIlMYf+VaBAA==",
            "content_md5": "ccbca4ede1aaec2f827d0ef63504b009",
            "content_sha1": "3bbfffa90c8c8d42f02e360dcd38300daab6e252",
            "content_sha256": "cbaa30358713738dd0fd8652e60323c69bdd4b1573aa6c8321c53594e463b6b6",
            "content_sha512": "fe78ca333489578486f4269413ec3c270b14c74ff4ef0ba1c31ad9af295da60437db7f84137b8d3491378d1179b07bbbcc1d74c54143a4710894c61ff9568100",
            "directory_permission": "0777",
            "file_permission": "0777",
            "filename": "example.txt",
            "id": "3bbfffa90c8c8d42f02e360dcd38300daab6e252",
            "sensitive_content": null,
            "source": null
          },
          "sensitive_attributes": [],
          "dependencies": [
            "random_string.name"
          ]
        }
      ]
    },
    {
      "mode": "managed",
      "type": "random_string",
      "name": "name",
      "provider": "provider[\"registry.terraform.io/hashicorp/random\"]",
      "instances": [
        {
          "schema_version": 2,
          "attributes": {
            "id": "ip)65Sxs-*",
            "keepers": null,
            "length": 10,
            "lower": true,
            "min_lower": 0,
            "min_numeric": 0,
            "min_special": 0,
            "min_upper": 0,
            "number": true,
            "numeric": true,
            "override_special": null,
            "result": "ip)65Sxs-*",
            "special": true,
            "upper": true
          },
          "sensitive_attributes": []
        }
      ]
    }
  ],
  "check_results": null
}
