{
  "version": 4,
  "terraform_version": "1.5.7",
  "serial": 4,
  "lineage": "9576ea56-89d5-f933-93d4-a4f7221037a5",
  "outputs": {},
  "resources": [
    {
      "mode": "managed",
      "type": "local_file",
      "name": "exampleFile",
      "provider": "provider[\"registry.terraform.io/hashicorp/local\"]",
      "instances": [
        {
          "schema_version": 0,
          "attributes": {
            "content": "Example variable file text",
            "content_base64": null,
            "content_base64sha256": "8kTCqTnjxsskSL+I9nAuBElTEwr4w1ObV8azlN3Hs0E=",
            "content_base64sha512": "apUKG+XgkoYo1/QQIFlI+99UH7pXS+O6lW2UELrJb/p6W+vWQvEKTAM3CqAGpnoAJB7Zl5ypUUUzzNysIE2F6A==",
            "content_md5": "763c31b84d757f1557ae501de6690b13",
            "content_sha1": "6e05b7aba896775d5825460a02248948d4260a36",
            "content_sha256": "f244c2a939e3c6cb2448bf88f6702e044953130af8c3539b57c6b394ddc7b341",
            "content_sha512": "6a950a1be5e0928628d7f410205948fbdf541fba574be3ba956d9410bac96ffa7a5bebd642f10a4c03370aa006a67a00241ed9979ca9514533ccdcac204d85e8",
            "directory_permission": "0777",
            "file_permission": "0777",
            "filename": "default-file.txt",
            "id": "6e05b7aba896775d5825460a02248948d4260a36",
            "sensitive_content": null,
            "source": null
          },
          "sensitive_attributes": []
        }
      ]
    }
  ],
  "check_results": null
}
