{
  "version": 4,
  "terraform_version": "1.5.7",
  "serial": 7,
  "lineage": "9576ea56-89d5-f933-93d4-a4f7221037a5",
  "outputs": {},
  "resources": [
    {
      "mode": "managed",
      "type": "local_file",
      "name": "exampleFile",
      "provider": "provider[\"registry.terraform.io/hashicorp/local\"]",
      "instances": [
        {
          "schema_version": 0,
          "attributes": {
            "content": "Agent",
            "content_base64": null,
            "content_base64sha256": "EbOck3d+jx85g726fHKyL+aM/qIMZ36d5T4Xy32/sZ8=",
            "content_base64sha512": "QGVI63s1dJmcMKikaHv9f7FjaKT5+ckKxN0KfWmr9OERiPwh7KFfqZChzl0adj4RSeLrPhAZ3+JltHRTsUOUXg==",
            "content_md5": "7446050b848d839fe9847073ff94cfd6",
            "content_sha1": "5ce2e6f40299204d94dfc0abf19fa8ab52d6c211",
            "content_sha256": "11b39c93777e8f1f3983bdba7c72b22fe68cfea20c677e9de53e17cb7dbfb19f",
            "content_sha512": "406548eb7b3574999c30a8a4687bfd7fb16368a4f9f9c90ac4dd0a7d69abf4e11188fc21eca15fa990a1ce5d1a763e1149e2eb3e1019dfe265b47453b143945e",
            "directory_permission": "0777",
            "file_permission": "0777",
            "filename": "default-file.txt",
            "id": "5ce2e6f40299204d94dfc0abf19fa8ab52d6c211",
            "sensitive_content": null,
            "source": null
          },
          "sensitive_attributes": []
        }
      ]
    }
  ],
  "check_results": null
}
