{
  "version": 4,
  "terraform_version": "1.5.7",
  "serial": 17,
  "lineage": "dde8ce21-1648-926e-29ea-efd154fe58ac",
  "outputs": {},
  "resources": [
    {
      "mode": "managed",
      "type": "random_integer",
      "name": "int",
      "provider": "provider[\"registry.terraform.io/hashicorp/random\"]",
      "instances": [
        {
          "schema_version": 0,
          "attributes": {
            "id": "13",
            "keepers": null,
            "max": 47,
            "min": 7,
            "result": 13,
            "seed": null
          },
          "sensitive_attributes": []
        }
      ]
    }
  ],
  "check_results": null
}
