{
  "version": 4,
  "terraform_version": "1.5.7",
  "serial": 1,
  "lineage": "b2742ba3-a04b-46e7-db43-745d40055234",
  "outputs": {},
  "resources": [
    {
      "mode": "managed",
      "type": "local_file",
      "name": "sample_resource",
      "provider": "provider[\"registry.terraform.io/hashicorp/local\"]",
      "instances": [
        {
          "schema_version": 0,
          "attributes": {
            "content": "This is a sample tf file",
            "content_base64": null,
            "content_base64sha256": "3ZC47nMUFVpEK0dUrrYsuUWOKDNHsb5sk1lze65rxGM=",
            "content_base64sha512": "Qi9T3karV6ztp80NuWF0WOUEQfPtafsNgp6dMXyRpJxgPxbWdWdNAjMHumr23ifyPIJkj5zdW8aTZfJNKuhyZw==",
            "content_md5": "783ccf18279297d9380cf1d7c7a8e9b7",
            "content_sha1": "fc74f8961d49b603292323a2faf645fe76653898",
            "content_sha256": "dd90b8ee7314155a442b4754aeb62cb9458e283347b1be6c9359737bae6bc463",
            "content_sha512": "422f53de46ab57aceda7cd0db9617458e50441f3ed69fb0d829e9d317c91a49c603f16d675674d023307ba6af6de27f23c82648f9cdd5bc69365f24d2ae87267",
            "directory_permission": "0777",
            "file_permission": "0777",
            "filename": "sample_file.txt",
            "id": "fc74f8961d49b603292323a2faf645fe76653898",
            "sensitive_content": null,
            "source": null
          },
          "sensitive_attributes": []
        }
      ]
    }
  ],
  "check_results": null
}
